{
    "_meta": {
        "hash": {
            "sha256": "2bf0beda487ae5801e76ad51aa036278b008101d9c2e733e26eedce92553d326"
        },
        "pipfile-spec": 6,
        "requires": {
            "python_full_version": "3.11.1",
            "python_version": "3.11"
        },
        "sources": [
            {
                "name": "pypi",
                "url": "https://pypi.org/simple",
                "verify_ssl": true
            }
        ]
    },
    "default": {},
    "develop": {
        "black": {
            "hashes": [
                "sha256:0cd59d01bf3306ff7e3076dd7f4435fcd2fafe5506a6111cae1138fc7de52382",
                "sha256:1e0fa70b8464055069864a4733901b31cbdbe1273f63a24d2fa9d726723d45ac",
                "sha256:30fbf768cd4f4576598b1db0202413fafea9a227ef808d1a12230c643cefe9fc",
                "sha256:39addf23f7070dbc0b5518cdb2018468ac249d7412a669b50ccca18427dba1f3",
                "sha256:5134a6f6b683aa0a5592e3fd61dd3519d8acd953d93e2b8b76f9981245b65594",
                "sha256:6a8977774929b5db90442729f131221e58cc5d8208023c6af9110f26f75b6b20",
                "sha256:6cc5a6ba3e671cfea95a40030b16a98ee7dc2e22b6427a6f3389567ecf1b5262",
                "sha256:780f13d03066a7daf1707ec723fdb36bd698ffa29d95a2e7ef33a8dd8fe43b5c",
                "sha256:7fa8d9aaa22d846f8c0f7f07391148e5e346562e9b215794f9101a8339d8b6d8",
                "sha256:827a7c0da520dd2f8e6d7d3595f4591aa62ccccce95b16c0e94bb4066374c4c2",
                "sha256:82d9452aeabd51d1c8f0d52d4d18e82b9f010ecb30fd55867b5ff95904f427ff",
                "sha256:94d5280d020dadfafc75d7cae899609ed38653d3f5e82e7ce58f75e76387ed3d",
                "sha256:9aede09f72b2a466e673ee9fca96e4bccc36f463cac28a35ce741f0fd13aea8b",
                "sha256:a15670c650668399c4b5eae32e222728185961d6ef6b568f62c1681d57b381ba",
                "sha256:a5a0100b4bdb3744dd68412c3789f472d822dc058bb3857743342f8d7f93a5a7",
                "sha256:aaf9aa85aaaa466bf969e7dd259547f4481b712fe7ee14befeecc152c403ee05",
                "sha256:be305563ff4a2dea813f699daaffac60b977935f3264f66922b1936a5e492ee4",
                "sha256:bf8dd261ee82df1abfb591f97e174345ab7375a55019cc93ad38993b9ff5c6ad",
                "sha256:d74d4d0da276fbe3b95aa1f404182562c28a04402e4ece60cf373d0b902f33a0",
                "sha256:e0e367759062dcabcd9a426d12450c6d61faf1704a352a49055a04c9f9ce8f5a",
                "sha256:ec489cae76eac3f7573629955573c3a0e913641cafb9e3bfc87d8ce155ebdb29",
                "sha256:f0dfbfbacfbf9cd1fac7a5ddd3e72510ffa93e841a69fcf4a6358feab1685382"
            ],
            "index": "pypi",
            "version": "==24.1.0"
        },
        "click": {
            "hashes": [
                "sha256:ae74fb96c20a0277a1d615f1e4d73c8414f5a98db8b799a7931d1582f3390c28",
                "sha256:ca9853ad459e787e2192211578cc907e7594e294c7ccc834310722b41b9ca6de"
            ],
            "markers": "python_version >= '3.7'",
            "version": "==8.1.7"
        },
        "colorama": {
            "hashes": [
                "sha256:08695f5cb7ed6e0531a20572697297273c47b8cae5a63ffc6d6ed5c201be6e44",
                "sha256:4f1d9991f5acc0ca119f9d443620b77f9d6b33703e51011c16baf57afb285fc6"
            ],
            "markers": "sys_platform == 'win32'",
            "version": "==0.4.6"
        },
        "et-xmlfile": {
            "hashes": [
                "sha256:8eb9e2bc2f8c97e37a2dc85a09ecdcdec9d8a396530a6d5a33b30b9a92da0c5c",
                "sha256:a2ba85d1d6a74ef63837eed693bcb89c3f752169b0e3e7ae5b16ca5e1b3deada"
            ],
            "markers": "python_version >= '3.6'",
            "version": "==1.1.0"
        },
        "iniconfig": {
            "hashes": [
                "sha256:2d91e135bf72d31a410b17c16da610a82cb55f6b0477d1a902134b24a455b8b3",
                "sha256:b6a85871a79d2e3b22d2d1b94ac2824226a63c6b741c88f7ae975f18b6778374"
            ],
            "markers": "python_version >= '3.7'",
            "version": "==2.0.0"
        },
        "mypy-extensions": {
            "hashes": [
                "sha256:4392f6c0eb8a5668a69e23d168ffa70f0be9ccfd32b5cc2d26a34ae5b844552d",
                "sha256:75dbf8955dc00442a438fc4d0666508a9a97b6bd41aa2f0ffe9d2f2725af0782"
            ],
            "markers": "python_version >= '3.5'",
            "version": "==1.0.0"
        },
        "openpyxl": {
            "hashes": [
                "sha256:a6f5977418eff3b2d5500d54d9db50c8277a368436f4e4f8ddb1be3422870184",
                "sha256:f91456ead12ab3c6c2e9491cf33ba6d08357d802192379bb482f1033ade496f5"
            ],
            "index": "pypi",
            "version": "==3.1.2"
        },
        "packaging": {
            "hashes": [
                "sha256:048fb0e9405036518eaaf48a55953c750c11e1a1b68e0dd1a9d62ed0c092cfc5",
                "sha256:8c491190033a9af7e1d931d0b5dacc2ef47509b34dd0de67ed209b5203fc88c7"
            ],
            "markers": "python_version >= '3.7'",
            "version": "==23.2"
        },
        "pathspec": {
            "hashes": [
                "sha256:a0d503e138a4c123b27490a4f7beda6a01c6f288df0e4a8b79c7eb0dc7b4cc08",
                "sha256:a482d51503a1ab33b1c67a6c3813a26953dbdc71c31dacaef9a838c4e29f5712"
            ],
            "markers": "python_version >= '3.8'",
            "version": "==0.12.1"
        },
        "platformdirs": {
            "hashes": [
                "sha256:11c8f37bcca40db96d8144522d925583bdb7a31f7b0e37e3ed4318400a8e2380",
                "sha256:906d548203468492d432bcb294d4bc2fff751bf84971fbb2c10918cc206ee420"
            ],
            "markers": "python_version >= '3.8'",
            "version": "==4.1.0"
        },
        "pluggy": {
            "hashes": [
                "sha256:7db9f7b503d67d1c5b95f59773ebb58a8c1c288129a88665838012cfb07b8981",
                "sha256:8c85c2876142a764e5b7548e7d9a0e0ddb46f5185161049a79b7e974454223be"
            ],
            "markers": "python_version >= '3.8'",
            "version": "==1.4.0"
        },
        "pytest": {
            "hashes": [
                "sha256:2cf0005922c6ace4a3e2ec8b4080eb0d9753fdc93107415332f50ce9e7994280",
                "sha256:b090cdf5ed60bf4c45261be03239c2c1c22df034fbffe691abe93cd80cea01d8"
            ],
            "index": "pypi",
            "version": "==7.4.4"
        }
    }
}
